
Microsoft Visual Studio Solution File, Format Version 12.00
# Visual Studio 14
VisualStudioVersion = 14.0.25420.1
MinimumVisualStudioVersion = 10.0.40219.1
Project("{FAE04EC0-301F-11D3-BF4B-00C04F79EFBC}") = "TestContainer", "TestContainer\TestContainer.csproj", "{ECCA1B07-015B-48EA-8079-B316F23392D6}"
EndProject
Project("{FAE04EC0-301F-11D3-BF4B-00C04F79EFBC}") = "TestQueueStorage", "TestQueueStorage\TestQueueStorage.csproj", "{8B068820-28EA-4D53-95A7-549277B06387}"
EndProject
Project("{FAE04EC0-301F-11D3-BF4B-00C04F79EFBC}") = "CosmosDB", "CosmosDB\CosmosDB.csproj", "{81C60969-8EC9-4FC9-89FD-DED9574137C9}"
EndProject
Project("{FAE04EC0-301F-11D3-BF4B-00C04F79EFBC}") = "SharedBlackBoard", "SharedBlackBoard\SharedBlackBoard.csproj", "{ED0A3DC7-EC87-4751-9E2B-320923414398}"
EndProject
Global
	GlobalSection(SolutionConfigurationPlatforms) = preSolution
		Debug|Any CPU = Debug|Any CPU
		Release|Any CPU = Release|Any CPU
	EndGlobalSection
	GlobalSection(ProjectConfigurationPlatforms) = postSolution
		{ECCA1B07-015B-48EA-8079-B316F23392D6}.Debug|Any CPU.ActiveCfg = Debug|Any CPU
		{ECCA1B07-015B-48EA-8079-B316F23392D6}.Debug|Any CPU.Build.0 = Debug|Any CPU
		{ECCA1B07-015B-48EA-8079-B316F23392D6}.Release|Any CPU.ActiveCfg = Release|Any CPU
		{ECCA1B07-015B-48EA-8079-B316F23392D6}.Release|Any CPU.Build.0 = Release|Any CPU
		{8B068820-28EA-4D53-95A7-549277B06387}.Debug|Any CPU.ActiveCfg = Debug|Any CPU
		{8B068820-28EA-4D53-95A7-549277B06387}.Debug|Any CPU.Build.0 = Debug|Any CPU
		{8B068820-28EA-4D53-95A7-549277B06387}.Release|Any CPU.ActiveCfg = Release|Any CPU
		{8B068820-28EA-4D53-95A7-549277B06387}.Release|Any CPU.Build.0 = Release|Any CPU
		{81C60969-8EC9-4FC9-89FD-DED9574137C9}.Debug|Any CPU.ActiveCfg = Debug|Any CPU
		{81C60969-8EC9-4FC9-89FD-DED9574137C9}.Debug|Any CPU.Build.0 = Debug|Any CPU
		{81C60969-8EC9-4FC9-89FD-DED9574137C9}.Release|Any CPU.ActiveCfg = Release|Any CPU
		{81C60969-8EC9-4FC9-89FD-DED9574137C9}.Release|Any CPU.Build.0 = Release|Any CPU
		{ED0A3DC7-EC87-4751-9E2B-320923414398}.Debug|Any CPU.ActiveCfg = Debug|Any CPU
		{ED0A3DC7-EC87-4751-9E2B-320923414398}.Debug|Any CPU.Build.0 = Debug|Any CPU
		{ED0A3DC7-EC87-4751-9E2B-320923414398}.Release|Any CPU.ActiveCfg = Release|Any CPU
		{ED0A3DC7-EC87-4751-9E2B-320923414398}.Release|Any CPU.Build.0 = Release|Any CPU
	EndGlobalSection
	GlobalSection(SolutionProperties) = preSolution
		HideSolutionNode = FALSE
	EndGlobalSection
EndGlobal
